
Microsoft Visual Studio Solution File, Format Version 12.00
# Visual Studio Version 17
VisualStudioVersion = 17.5.2.0
MinimumVisualStudioVersion = 10.0.40219.1
Project("{2150E333-8FDC-42A3-9474-1A3956D46DE8}") = "src", "src", "{827E0CD3-B72D-47B6-A68D-7590B98EB39B}"
EndProject
Project("{FAE04EC0-301F-11D3-BF4B-00C04F79EFBC}") = "Chirp.CLI", "src\Chirp.CLI\Chirp.CLI.csproj", "{464F1223-5D23-3089-F850-E54090681D38}"
EndProject
Project("{2150E333-8FDC-42A3-9474-1A3956D46DE8}") = "tests", "tests", "{0AB3BF05-4346-4AA6-1389-037BE0695223}"
EndProject
Project("{FAE04EC0-301F-11D3-BF4B-00C04F79EFBC}") = "Chirp.CLI.Tests", "tests\Chirp.CLI.Tests\Chirp.CLI.Tests.csproj", "{B04D315C-90B1-4053-881A-F4E40CDDB52B}"
EndProject
Project("{FAE04EC0-301F-11D3-BF4B-00C04F79EFBC}") = "Chirp.CSVDBService", "src\Chirp.CSVDBService\Chirp.CSVDBService.csproj", "{020C1E4E-0358-4796-B11E-B3652B9569D7}"
EndProject
Project("{FAE04EC0-301F-11D3-BF4B-00C04F79EFBC}") = "Chirp.Razor", "src\Chirp.Razor\Chirp.Razor.csproj", "{71BD515C-E521-48BD-A393-AA53E8691D42}"
EndProject
Global
	GlobalSection(SolutionConfigurationPlatforms) = preSolution
		Debug|Any CPU = Debug|Any CPU
		Debug|x64 = Debug|x64
		Debug|x86 = Debug|x86
		Release|Any CPU = Release|Any CPU
		Release|x64 = Release|x64
		Release|x86 = Release|x86
	EndGlobalSection
	GlobalSection(ProjectConfigurationPlatforms) = postSolution
		{464F1223-5D23-3089-F850-E54090681D38}.Debug|Any CPU.ActiveCfg = Debug|Any CPU
		{464F1223-5D23-3089-F850-E54090681D38}.Debug|Any CPU.Build.0 = Debug|Any CPU
		{464F1223-5D23-3089-F850-E54090681D38}.Debug|x64.ActiveCfg = Debug|Any CPU
		{464F1223-5D23-3089-F850-E54090681D38}.Debug|x64.Build.0 = Debug|Any CPU
		{464F1223-5D23-3089-F850-E54090681D38}.Debug|x86.ActiveCfg = Debug|Any CPU
		{464F1223-5D23-3089-F850-E54090681D38}.Debug|x86.Build.0 = Debug|Any CPU
		{464F1223-5D23-3089-F850-E54090681D38}.Release|Any CPU.ActiveCfg = Release|Any CPU
		{464F1223-5D23-3089-F850-E54090681D38}.Release|Any CPU.Build.0 = Release|Any CPU
		{464F1223-5D23-3089-F850-E54090681D38}.Release|x64.ActiveCfg = Release|Any CPU
		{464F1223-5D23-3089-F850-E54090681D38}.Release|x64.Build.0 = Release|Any CPU
		{464F1223-5D23-3089-F850-E54090681D38}.Release|x86.ActiveCfg = Release|Any CPU
		{464F1223-5D23-3089-F850-E54090681D38}.Release|x86.Build.0 = Release|Any CPU
		{B04D315C-90B1-4053-881A-F4E40CDDB52B}.Debug|Any CPU.ActiveCfg = Debug|Any CPU
		{B04D315C-90B1-4053-881A-F4E40CDDB52B}.Debug|Any CPU.Build.0 = Debug|Any CPU
		{B04D315C-90B1-4053-881A-F4E40CDDB52B}.Debug|x64.ActiveCfg = Debug|Any CPU
		{B04D315C-90B1-4053-881A-F4E40CDDB52B}.Debug|x64.Build.0 = Debug|Any CPU
		{B04D315C-90B1-4053-881A-F4E40CDDB52B}.Debug|x86.ActiveCfg = Debug|Any CPU
		{B04D315C-90B1-4053-881A-F4E40CDDB52B}.Debug|x86.Build.0 = Debug|Any CPU
		{B04D315C-90B1-4053-881A-F4E40CDDB52B}.Release|Any CPU.ActiveCfg = Release|Any CPU
		{B04D315C-90B1-4053-881A-F4E40CDDB52B}.Release|Any CPU.Build.0 = Release|Any CPU
		{B04D315C-90B1-4053-881A-F4E40CDDB52B}.Release|x64.ActiveCfg = Release|Any CPU
		{B04D315C-90B1-4053-881A-F4E40CDDB52B}.Release|x64.Build.0 = Release|Any CPU
		{B04D315C-90B1-4053-881A-F4E40CDDB52B}.Release|x86.ActiveCfg = Release|Any CPU
		{B04D315C-90B1-4053-881A-F4E40CDDB52B}.Release|x86.Build.0 = Release|Any CPU
		{020C1E4E-0358-4796-B11E-B3652B9569D7}.Debug|Any CPU.ActiveCfg = Debug|Any CPU
		{020C1E4E-0358-4796-B11E-B3652B9569D7}.Debug|Any CPU.Build.0 = Debug|Any CPU
		{020C1E4E-0358-4796-B11E-B3652B9569D7}.Debug|x64.ActiveCfg = Debug|Any CPU
		{020C1E4E-0358-4796-B11E-B3652B9569D7}.Debug|x64.Build.0 = Debug|Any CPU
		{020C1E4E-0358-4796-B11E-B3652B9569D7}.Debug|x86.ActiveCfg = Debug|Any CPU
		{020C1E4E-0358-4796-B11E-B3652B9569D7}.Debug|x86.Build.0 = Debug|Any CPU
		{020C1E4E-0358-4796-B11E-B3652B9569D7}.Release|Any CPU.ActiveCfg = Release|Any CPU
		{020C1E4E-0358-4796-B11E-B3652B9569D7}.Release|Any CPU.Build.0 = Release|Any CPU
		{020C1E4E-0358-4796-B11E-B3652B9569D7}.Release|x64.ActiveCfg = Release|Any CPU
		{020C1E4E-0358-4796-B11E-B3652B9569D7}.Release|x64.Build.0 = Release|Any CPU
		{020C1E4E-0358-4796-B11E-B3652B9569D7}.Release|x86.ActiveCfg = Release|Any CPU
		{020C1E4E-0358-4796-B11E-B3652B9569D7}.Release|x86.Build.0 = Release|Any CPU
		{71BD515C-E521-48BD-A393-AA53E8691D42}.Debug|Any CPU.ActiveCfg = Debug|Any CPU
		{71BD515C-E521-48BD-A393-AA53E8691D42}.Debug|Any CPU.Build.0 = Debug|Any CPU
		{71BD515C-E521-48BD-A393-AA53E8691D42}.Debug|x64.ActiveCfg = Debug|Any CPU
		{71BD515C-E521-48BD-A393-AA53E8691D42}.Debug|x64.Build.0 = Debug|Any CPU
		{71BD515C-E521-48BD-A393-AA53E8691D42}.Debug|x86.ActiveCfg = Debug|Any CPU
		{71BD515C-E521-48BD-A393-AA53E8691D42}.Debug|x86.Build.0 = Debug|Any CPU
		{71BD515C-E521-48BD-A393-AA53E8691D42}.Release|Any CPU.ActiveCfg = Release|Any CPU
		{71BD515C-E521-48BD-A393-AA53E8691D42}.Release|Any CPU.Build.0 = Release|Any CPU
		{71BD515C-E521-48BD-A393-AA53E8691D42}.Release|x64.ActiveCfg = Release|Any CPU
		{71BD515C-E521-48BD-A393-AA53E8691D42}.Release|x64.Build.0 = Release|Any CPU
		{71BD515C-E521-48BD-A393-AA53E8691D42}.Release|x86.ActiveCfg = Release|Any CPU
		{71BD515C-E521-48BD-A393-AA53E8691D42}.Release|x86.Build.0 = Release|Any CPU
	EndGlobalSection
	GlobalSection(SolutionProperties) = preSolution
		HideSolutionNode = FALSE
	EndGlobalSection
	GlobalSection(NestedProjects) = preSolution
		{464F1223-5D23-3089-F850-E54090681D38} = {827E0CD3-B72D-47B6-A68D-7590B98EB39B}
		{B04D315C-90B1-4053-881A-F4E40CDDB52B} = {0AB3BF05-4346-4AA6-1389-037BE0695223}
		{020C1E4E-0358-4796-B11E-B3652B9569D7} = {827E0CD3-B72D-47B6-A68D-7590B98EB39B}
		{71BD515C-E521-48BD-A393-AA53E8691D42} = {827E0CD3-B72D-47B6-A68D-7590B98EB39B}
	EndGlobalSection
	GlobalSection(ExtensibilityGlobals) = postSolution
		SolutionGuid = {8269E8BA-3238-4D50-A4A0-14E5F551D7E7}
	EndGlobalSection
EndGlobal
